// !$*UTF8*$!
{
	archiveVersion = 1;
	classes = {
	};
	objectVersion = 50;
	objects = {

/* Begin PBXBuildFile section */
		6C20249326B1D8BA00621376 /* SwiftUIChatAppApp.swift in Sources */ = {isa = PBXBuildFile; fileRef = 6C20249226B1D8BA00621376 /* SwiftUIChatAppApp.swift */; };
		6C20249526B1D8BA00621376 /* ContentView.swift in Sources */ = {isa = PBXBuildFile; fileRef = 6C20249426B1D8BA00621376 /* ContentView.swift */; };
		6C20249726B1D8BC00621376 /* Assets.xcassets in Resources */ = {isa = PBXBuildFile; fileRef = 6C20249626B1D8BC00621376 /* Assets.xcassets */; };
		6C20249A26B1D8BC00621376 /* Preview Assets.xcassets in Resources */ = {isa = PBXBuildFile; fileRef = 6C20249926B1D8BC00621376 /* Preview Assets.xcassets */; };
		6C2024AA26B1D9BE00621376 /* LoginView.swift in Sources */ = {isa = PBXBuildFile; fileRef = 6C2024A926B1D9BE00621376 /* LoginView.swift */; };
		6C2024AD26B1DC1E00621376 /* RegistrationView.swift in Sources */ = {isa = PBXBuildFile; fileRef = 6C2024AC26B1DC1E00621376 /* RegistrationView.swift */; };
		6C2024CE26B3312C00621376 /* CustomTextField.swift in Sources */ = {isa = PBXBuildFile; fileRef = 6C2024CD26B3312C00621376 /* CustomTextField.swift */; };
		6C2024D126B3451900621376 /* MainTabView.swift in Sources */ = {isa = PBXBuildFile; fileRef = 6C2024D026B3451900621376 /* MainTabView.swift */; };
		6C2024D626B347AD00621376 /* SettingsView.swift in Sources */ = {isa = PBXBuildFile; fileRef = 6C2024D526B347AD00621376 /* SettingsView.swift */; };
		6C2024D826B347BB00621376 /* ChannelsView.swift in Sources */ = {isa = PBXBuildFile; fileRef = 6C2024D726B347BB00621376 /* ChannelsView.swift */; };
		6C2024DA26B347C700621376 /* ChatView.swift in Sources */ = {isa = PBXBuildFile; fileRef = 6C2024D926B347C700621376 /* ChatView.swift */; };
		6C2024DD26B3480300621376 /* ConversationView.swift in Sources */ = {isa = PBXBuildFile; fileRef = 6C2024DC26B3480300621376 /* ConversationView.swift */; };
		6C2024DF26B3C3FB00621376 /* SettingsHeaderView.swift in Sources */ = {isa = PBXBuildFile; fileRef = 6C2024DE26B3C3FB00621376 /* SettingsHeaderView.swift */; };
		6C2024E126B3C6CA00621376 /* SettingCell.swift in Sources */ = {isa = PBXBuildFile; fileRef = 6C2024E026B3C6CA00621376 /* SettingCell.swift */; };
		6C2024E326B44D2A00621376 /* SettingCellViewModel.swift in Sources */ = {isa = PBXBuildFile; fileRef = 6C2024E226B44D2A00621376 /* SettingCellViewModel.swift */; };
		6C2024E926BAB46900621376 /* EditProfileView.swift in Sources */ = {isa = PBXBuildFile; fileRef = 6C2024E826BAB46900621376 /* EditProfileView.swift */; };
		6C2024EB26BAE7F600621376 /* StatusSelectorView.swift in Sources */ = {isa = PBXBuildFile; fileRef = 6C2024EA26BAE7F600621376 /* StatusSelectorView.swift */; };
		6C4088CA26C312DB007B3168 /* Extensions.swift in Sources */ = {isa = PBXBuildFile; fileRef = 6C4088C926C312DB007B3168 /* Extensions.swift */; };
		6C4088CC26C31B4F007B3168 /* ChatBubble.swift in Sources */ = {isa = PBXBuildFile; fileRef = 6C4088CB26C31B4F007B3168 /* ChatBubble.swift */; };
		6C4088CE26C31D35007B3168 /* MessageView.swift in Sources */ = {isa = PBXBuildFile; fileRef = 6C4088CD26C31D35007B3168 /* MessageView.swift */; };
		6C4088D026C3840D007B3168 /* CustomInputView.swift in Sources */ = {isa = PBXBuildFile; fileRef = 6C4088CF26C3840D007B3168 /* CustomInputView.swift */; };
		6C4088D226C41B83007B3168 /* Message.swift in Sources */ = {isa = PBXBuildFile; fileRef = 6C4088D126C41B83007B3168 /* Message.swift */; };
		6C4088D426C41CE7007B3168 /* ChatViewModel.swift in Sources */ = {isa = PBXBuildFile; fileRef = 6C4088D326C41CE7007B3168 /* ChatViewModel.swift */; };
		6C431FB626BDBB8A0013A590 /* StatusViewModel.swift in Sources */ = {isa = PBXBuildFile; fileRef = 6C431FB526BDBB8A0013A590 /* StatusViewModel.swift */; };
		6C431FB826C066740013A590 /* ImagePicker.swift in Sources */ = {isa = PBXBuildFile; fileRef = 6C431FB726C066740013A590 /* ImagePicker.swift */; };
		6C431FBA26C1B2F00013A590 /* ConversationCell.swift in Sources */ = {isa = PBXBuildFile; fileRef = 6C431FB926C1B2F00013A590 /* ConversationCell.swift */; };
		6C431FBC26C1B7D80013A590 /* UserCell.swift in Sources */ = {isa = PBXBuildFile; fileRef = 6C431FBB26C1B7D80013A590 /* UserCell.swift */; };
		6C431FBE26C1B8F50013A590 /* NewMessageView.swift in Sources */ = {isa = PBXBuildFile; fileRef = 6C431FBD26C1B8F50013A590 /* NewMessageView.swift */; };
		6C431FC026C2314C0013A590 /* SearchBar.swift in Sources */ = {isa = PBXBuildFile; fileRef = 6C431FBF26C2314C0013A590 /* SearchBar.swift */; };
/* End PBXBuildFile section */

/* Begin PBXFileReference section */
		6C20248F26B1D8BA00621376 /* SwiftUIChatApp.app */ = {isa = PBXFileReference; explicitFileType = wrapper.application; includeInIndex = 0; path = SwiftUIChatApp.app; sourceTree = BUILT_PRODUCTS_DIR; };
		6C20249226B1D8BA00621376 /* SwiftUIChatAppApp.swift */ = {isa = PBXFileReference; lastKnownFileType = sourcecode.swift; path = SwiftUIChatAppApp.swift; sourceTree = "<group>"; };
		6C20249426B1D8BA00621376 /* ContentView.swift */ = {isa = PBXFileReference; lastKnownFileType = sourcecode.swift; path = ContentView.swift; sourceTree = "<group>"; };
		6C20249626B1D8BC00621376 /* Assets.xcassets */ = {isa = PBXFileReference; lastKnownFileType = folder.assetcatalog; path = Assets.xcassets; sourceTree = "<group>"; };
		6C20249926B1D8BC00621376 /* Preview Assets.xcassets */ = {isa = PBXFileReference; lastKnownFileType = folder.assetcatalog; path = "Preview Assets.xcassets"; sourceTree = "<group>"; };
		6C20249B26B1D8BC00621376 /* Info.plist */ = {isa = PBXFileReference; lastKnownFileType = text.plist.xml; path = Info.plist; sourceTree = "<group>"; };
		6C2024A926B1D9BE00621376 /* LoginView.swift */ = {isa = PBXFileReference; lastKnownFileType = sourcecode.swift; path = LoginView.swift; sourceTree = "<group>"; };
		6C2024AC26B1DC1E00621376 /* RegistrationView.swift */ = {isa = PBXFileReference; lastKnownFileType = sourcecode.swift; path = RegistrationView.swift; sourceTree = "<group>"; };
		6C2024CD26B3312C00621376 /* CustomTextField.swift */ = {isa = PBXFileReference; lastKnownFileType = sourcecode.swift; path = CustomTextField.swift; sourceTree = "<group>"; };
		6C2024D026B3451900621376 /* MainTabView.swift */ = {isa = PBXFileReference; lastKnownFileType = sourcecode.swift; path = MainTabView.swift; sourceTree = "<group>"; };
		6C2024D526B347AD00621376 /* SettingsView.swift */ = {isa = PBXFileReference; lastKnownFileType = sourcecode.swift; path = SettingsView.swift; sourceTree = "<group>"; };
		6C2024D726B347BB00621376 /* ChannelsView.swift */ = {isa = PBXFileReference; lastKnownFileType = sourcecode.swift; path = ChannelsView.swift; sourceTree = "<group>"; };
		6C2024D926B347C700621376 /* ChatView.swift */ = {isa = PBXFileReference; lastKnownFileType = sourcecode.swift; path = ChatView.swift; sourceTree = "<group>"; };
		6C2024DC26B3480300621376 /* ConversationView.swift */ = {isa = PBXFileReference; lastKnownFileType = sourcecode.swift; path = ConversationView.swift; sourceTree = "<group>"; };
		6C2024DE26B3C3FB00621376 /* SettingsHeaderView.swift */ = {isa = PBXFileReference; lastKnownFileType = sourcecode.swift; path = SettingsHeaderView.swift; sourceTree = "<group>"; };
		6C2024E026B3C6CA00621376 /* SettingCell.swift */ = {isa = PBXFileReference; lastKnownFileType = sourcecode.swift; path = SettingCell.swift; sourceTree = "<group>"; };
		6C2024E226B44D2A00621376 /* SettingCellViewModel.swift */ = {isa = PBXFileReference; lastKnownFileType = sourcecode.swift; path = SettingCellViewModel.swift; sourceTree = "<group>"; };
		6C2024E826BAB46900621376 /* EditProfileView.swift */ = {isa = PBXFileReference; lastKnownFileType = sourcecode.swift; path = EditProfileView.swift; sourceTree = "<group>"; };
		6C2024EA26BAE7F600621376 /* StatusSelectorView.swift */ = {isa = PBXFileReference; lastKnownFileType = sourcecode.swift; path = StatusSelectorView.swift; sourceTree = "<group>"; };
		6C4088C926C312DB007B3168 /* Extensions.swift */ = {isa = PBXFileReference; lastKnownFileType = sourcecode.swift; path = Extensions.swift; sourceTree = "<group>"; };
		6C4088CB26C31B4F007B3168 /* ChatBubble.swift */ = {isa = PBXFileReference; lastKnownFileType = sourcecode.swift; path = ChatBubble.swift; sourceTree = "<group>"; };
		6C4088CD26C31D35007B3168 /* MessageView.swift */ = {isa = PBXFileReference; lastKnownFileType = sourcecode.swift; path = MessageView.swift; sourceTree = "<group>"; };
		6C4088CF26C3840D007B3168 /* CustomInputView.swift */ = {isa = PBXFileReference; lastKnownFileType = sourcecode.swift; path = CustomInputView.swift; sourceTree = "<group>"; };
		6C4088D126C41B83007B3168 /* Message.swift */ = {isa = PBXFileReference; lastKnownFileType = sourcecode.swift; path = Message.swift; sourceTree = "<group>"; };
		6C4088D326C41CE7007B3168 /* ChatViewModel.swift */ = {isa = PBXFileReference; lastKnownFileType = sourcecode.swift; path = ChatViewModel.swift; sourceTree = "<group>"; };
		6C431FB526BDBB8A0013A590 /* StatusViewModel.swift */ = {isa = PBXFileReference; lastKnownFileType = sourcecode.swift; path = StatusViewModel.swift; sourceTree = "<group>"; };
		6C431FB726C066740013A590 /* ImagePicker.swift */ = {isa = PBXFileReference; lastKnownFileType = sourcecode.swift; path = ImagePicker.swift; sourceTree = "<group>"; };
		6C431FB926C1B2F00013A590 /* ConversationCell.swift */ = {isa = PBXFileReference; lastKnownFileType = sourcecode.swift; path = ConversationCell.swift; sourceTree = "<group>"; };
		6C431FBB26C1B7D80013A590 /* UserCell.swift */ = {isa = PBXFileReference; lastKnownFileType = sourcecode.swift; path = UserCell.swift; sourceTree = "<group>"; };
		6C431FBD26C1B8F50013A590 /* NewMessageView.swift */ = {isa = PBXFileReference; lastKnownFileType = sourcecode.swift; path = NewMessageView.swift; sourceTree = "<group>"; };
		6C431FBF26C2314C0013A590 /* SearchBar.swift */ = {isa = PBXFileReference; lastKnownFileType = sourcecode.swift; path = SearchBar.swift; sourceTree = "<group>"; };
/* End PBXFileReference section */

/* Begin PBXFrameworksBuildPhase section */
		6C20248C26B1D8BA00621376 /* Frameworks */ = {
			isa = PBXFrameworksBuildPhase;
			buildActionMask = 2147483647;
			files = (
			);
			runOnlyForDeploymentPostprocessing = 0;
		};
/* End PBXFrameworksBuildPhase section */

/* Begin PBXGroup section */
		6C20248626B1D8BA00621376 = {
			isa = PBXGroup;
			children = (
				6C20249126B1D8BA00621376 /* SwiftUIChatApp */,
				6C20249026B1D8BA00621376 /* Products */,
			);
			sourceTree = "<group>";
		};
		6C20249026B1D8BA00621376 /* Products */ = {
			isa = PBXGroup;
			children = (
				6C20248F26B1D8BA00621376 /* SwiftUIChatApp.app */,
			);
			name = Products;
			sourceTree = "<group>";
		};
		6C20249126B1D8BA00621376 /* SwiftUIChatApp */ = {
			isa = PBXGroup;
			children = (
				6C2024A826B1D91300621376 /* Model */,
				6C2024A726B1D91100621376 /* View */,
				6C2024A626B1D90C00621376 /* ViewModel */,
				6C2024A426B1D8FF00621376 /* API */,
				6C2024A126B1D8EC00621376 /* Utils */,
				6C20249226B1D8BA00621376 /* SwiftUIChatAppApp.swift */,
				6C20249426B1D8BA00621376 /* ContentView.swift */,
				6C20249626B1D8BC00621376 /* Assets.xcassets */,
				6C20249B26B1D8BC00621376 /* Info.plist */,
				6C20249826B1D8BC00621376 /* Preview Content */,
			);
			path = SwiftUIChatApp;
			sourceTree = "<group>";
		};
		6C20249826B1D8BC00621376 /* Preview Content */ = {
			isa = PBXGroup;
			children = (
				6C20249926B1D8BC00621376 /* Preview Assets.xcassets */,
			);
			path = "Preview Content";
			sourceTree = "<group>";
		};
		6C2024A126B1D8EC00621376 /* Utils */ = {
			isa = PBXGroup;
			children = (
				6C2024CD26B3312C00621376 /* CustomTextField.swift */,
				6C431FB726C066740013A590 /* ImagePicker.swift */,
				6C431FBF26C2314C0013A590 /* SearchBar.swift */,
				6C4088C926C312DB007B3168 /* Extensions.swift */,
			);
			path = Utils;
			sourceTree = "<group>";
		};
		6C2024A426B1D8FF00621376 /* API */ = {
			isa = PBXGroup;
			children = (
			);
			path = API;
			sourceTree = "<group>";
		};
		6C2024A626B1D90C00621376 /* ViewModel */ = {
			isa = PBXGroup;
			children = (
				6C2024E226B44D2A00621376 /* SettingCellViewModel.swift */,
				6C431FB526BDBB8A0013A590 /* StatusViewModel.swift */,
				6C4088D326C41CE7007B3168 /* ChatViewModel.swift */,
			);
			path = ViewModel;
			sourceTree = "<group>";
		};
		6C2024A726B1D91100621376 /* View */ = {
			isa = PBXGroup;
			children = (
				6C2024DB26B347EF00621376 /* Conversations */,
				6C2024D426B3468000621376 /* Settings */,
				6C2024D326B3467900621376 /* Channels */,
				6C2024D226B3467100621376 /* Chats */,
				6C2024CF26B3450600621376 /* Main */,
				6C2024AB26B1DBAD00621376 /* Authentication */,
			);
			path = View;
			sourceTree = "<group>";
		};
		6C2024A826B1D91300621376 /* Model */ = {
			isa = PBXGroup;
			children = (
				6C4088D126C41B83007B3168 /* Message.swift */,
			);
			path = Model;
			sourceTree = "<group>";
		};
		6C2024AB26B1DBAD00621376 /* Authentication */ = {
			isa = PBXGroup;
			children = (
				6C2024A926B1D9BE00621376 /* LoginView.swift */,
				6C2024AC26B1DC1E00621376 /* RegistrationView.swift */,
			);
			path = Authentication;
			sourceTree = "<group>";
		};
		6C2024CF26B3450600621376 /* Main */ = {
			isa = PBXGroup;
			children = (
				6C2024D026B3451900621376 /* MainTabView.swift */,
			);
			path = Main;
			sourceTree = "<group>";
		};
		6C2024D226B3467100621376 /* Chats */ = {
			isa = PBXGroup;
			children = (
				6C2024D926B347C700621376 /* ChatView.swift */,
				6C4088CB26C31B4F007B3168 /* ChatBubble.swift */,
				6C4088CD26C31D35007B3168 /* MessageView.swift */,
				6C4088CF26C3840D007B3168 /* CustomInputView.swift */,
			);
			path = Chats;
			sourceTree = "<group>";
		};
		6C2024D326B3467900621376 /* Channels */ = {
			isa = PBXGroup;
			children = (
				6C2024D726B347BB00621376 /* ChannelsView.swift */,
			);
			path = Channels;
			sourceTree = "<group>";
		};
		6C2024D426B3468000621376 /* Settings */ = {
			isa = PBXGroup;
			children = (
				6C2024D526B347AD00621376 /* SettingsView.swift */,
				6C2024DE26B3C3FB00621376 /* SettingsHeaderView.swift */,
				6C2024E026B3C6CA00621376 /* SettingCell.swift */,
				6C2024E826BAB46900621376 /* EditProfileView.swift */,
				6C2024EA26BAE7F600621376 /* StatusSelectorView.swift */,
			);
			path = Settings;
			sourceTree = "<group>";
		};
		6C2024DB26B347EF00621376 /* Conversations */ = {
			isa = PBXGroup;
			children = (
				6C2024DC26B3480300621376 /* ConversationView.swift */,
				6C431FB926C1B2F00013A590 /* ConversationCell.swift */,
				6C431FBB26C1B7D80013A590 /* UserCell.swift */,
				6C431FBD26C1B8F50013A590 /* NewMessageView.swift */,
			);
			path = Conversations;
			sourceTree = "<group>";
		};
/* End PBXGroup section */

/* Begin PBXNativeTarget section */
		6C20248E26B1D8BA00621376 /* SwiftUIChatApp */ = {
			isa = PBXNativeTarget;
			buildConfigurationList = 6C20249E26B1D8BC00621376 /* Build configuration list for PBXNativeTarget "SwiftUIChatApp" */;
			buildPhases = (
				6C20248B26B1D8BA00621376 /* Sources */,
				6C20248C26B1D8BA00621376 /* Frameworks */,
				6C20248D26B1D8BA00621376 /* Resources */,
			);
			buildRules = (
			);
			dependencies = (
			);
			name = SwiftUIChatApp;
			productName = SwiftUIChatApp;
			productReference = 6C20248F26B1D8BA00621376 /* SwiftUIChatApp.app */;
			productType = "com.apple.product-type.application";
		};
/* End PBXNativeTarget section */

/* Begin PBXProject section */
		6C20248726B1D8BA00621376 /* Project object */ = {
			isa = PBXProject;
			attributes = {
				LastSwiftUpdateCheck = 1250;
				LastUpgradeCheck = 1250;
				TargetAttributes = {
					6C20248E26B1D8BA00621376 = {
						CreatedOnToolsVersion = 12.5.1;
					};
				};
			};
			buildConfigurationList = 6C20248A26B1D8BA00621376 /* Build configuration list for PBXProject "SwiftUIChatApp" */;
			compatibilityVersion = "Xcode 9.3";
			developmentRegion = en;
			hasScannedForEncodings = 0;
			knownRegions = (
				en,
				Base,
			);
			mainGroup = 6C20248626B1D8BA00621376;
			productRefGroup = 6C20249026B1D8BA00621376 /* Products */;
			projectDirPath = "";
			projectRoot = "";
			targets = (
				6C20248E26B1D8BA00621376 /* SwiftUIChatApp */,
			);
		};
/* End PBXProject section */

/* Begin PBXResourcesBuildPhase section */
		6C20248D26B1D8BA00621376 /* Resources */ = {
			isa = PBXResourcesBuildPhase;
			buildActionMask = 2147483647;
			files = (
				6C20249A26B1D8BC00621376 /* Preview Assets.xcassets in Resources */,
				6C20249726B1D8BC00621376 /* Assets.xcassets in Resources */,
			);
			runOnlyForDeploymentPostprocessing = 0;
		};
/* End PBXResourcesBuildPhase section */

/* Begin PBXSourcesBuildPhase section */
		6C20248B26B1D8BA00621376 /* Sources */ = {
			isa = PBXSourcesBuildPhase;
			buildActionMask = 2147483647;
			files = (
				6C431FB626BDBB8A0013A590 /* StatusViewModel.swift in Sources */,
				6C2024E926BAB46900621376 /* EditProfileView.swift in Sources */,
				6C2024EB26BAE7F600621376 /* StatusSelectorView.swift in Sources */,
				6C431FB826C066740013A590 /* ImagePicker.swift in Sources */,
				6C2024D626B347AD00621376 /* SettingsView.swift in Sources */,
				6C2024AA26B1D9BE00621376 /* LoginView.swift in Sources */,
				6C431FBC26C1B7D80013A590 /* UserCell.swift in Sources */,
				6C4088D426C41CE7007B3168 /* ChatViewModel.swift in Sources */,
				6C2024E126B3C6CA00621376 /* SettingCell.swift in Sources */,
				6C2024E326B44D2A00621376 /* SettingCellViewModel.swift in Sources */,
				6C4088D226C41B83007B3168 /* Message.swift in Sources */,
				6C4088CC26C31B4F007B3168 /* ChatBubble.swift in Sources */,
				6C4088CA26C312DB007B3168 /* Extensions.swift in Sources */,
				6C431FBE26C1B8F50013A590 /* NewMessageView.swift in Sources */,
				6C4088CE26C31D35007B3168 /* MessageView.swift in Sources */,
				6C431FBA26C1B2F00013A590 /* ConversationCell.swift in Sources */,
				6C20249526B1D8BA00621376 /* ContentView.swift in Sources */,
				6C2024DF26B3C3FB00621376 /* SettingsHeaderView.swift in Sources */,
				6C20249326B1D8BA00621376 /* SwiftUIChatAppApp.swift in Sources */,
				6C431FC026C2314C0013A590 /* SearchBar.swift in Sources */,
				6C4088D026C3840D007B3168 /* CustomInputView.swift in Sources */,
				6C2024DA26B347C700621376 /* ChatView.swift in Sources */,
				6C2024D826B347BB00621376 /* ChannelsView.swift in Sources */,
				6C2024AD26B1DC1E00621376 /* RegistrationView.swift in Sources */,
				6C2024CE26B3312C00621376 /* CustomTextField.swift in Sources */,
				6C2024D126B3451900621376 /* MainTabView.swift in Sources */,
				6C2024DD26B3480300621376 /* ConversationView.swift in Sources */,
			);
			runOnlyForDeploymentPostprocessing = 0;
		};
/* End PBXSourcesBuildPhase section */

/* Begin XCBuildConfiguration section */
		6C20249C26B1D8BC00621376 /* Debug */ = {
			isa = XCBuildConfiguration;
			buildSettings = {
				ALWAYS_SEARCH_USER_PATHS = NO;
				CLANG_ANALYZER_NONNULL = YES;
				CLANG_ANALYZER_NUMBER_OBJECT_CONVERSION = YES_AGGRESSIVE;
				CLANG_CXX_LANGUAGE_STANDARD = "gnu++14";
				CLANG_CXX_LIBRARY = "libc++";
				CLANG_ENABLE_MODULES = YES;
				CLANG_ENABLE_OBJC_ARC = YES;
				CLANG_ENABLE_OBJC_WEAK = YES;
				CLANG_WARN_BLOCK_CAPTURE_AUTORELEASING = YES;
				CLANG_WARN_BOOL_CONVERSION = YES;
				CLANG_WARN_COMMA = YES;
				CLANG_WARN_CONSTANT_CONVERSION = YES;
				CLANG_WARN_DEPRECATED_OBJC_IMPLEMENTATIONS = YES;
				CLANG_WARN_DIRECT_OBJC_ISA_USAGE = YES_ERROR;
				CLANG_WARN_DOCUMENTATION_COMMENTS = YES;
				CLANG_WARN_EMPTY_BODY = YES;
				CLANG_WARN_ENUM_CONVERSION = YES;
				CLANG_WARN_INFINITE_RECURSION = YES;
				CLANG_WARN_INT_CONVERSION = YES;
				CLANG_WARN_NON_LITERAL_NULL_CONVERSION = YES;
				CLANG_WARN_OBJC_IMPLICIT_RETAIN_SELF = YES;
				CLANG_WARN_OBJC_LITERAL_CONVERSION = YES;
				CLANG_WARN_OBJC_ROOT_CLASS = YES_ERROR;
				CLANG_WARN_QUOTED_INCLUDE_IN_FRAMEWORK_HEADER = YES;
				CLANG_WARN_RANGE_LOOP_ANALYSIS = YES;
				CLANG_WARN_STRICT_PROTOTYPES = YES;
				CLANG_WARN_SUSPICIOUS_MOVE = YES;
				CLANG_WARN_UNGUARDED_AVAILABILITY = YES_AGGRESSIVE;
				CLANG_WARN_UNREACHABLE_CODE = YES;
				CLANG_WARN__DUPLICATE_METHOD_MATCH = YES;
				COPY_PHASE_STRIP = NO;
				DEBUG_INFORMATION_FORMAT = dwarf;
				ENABLE_STRICT_OBJC_MSGSEND = YES;
				ENABLE_TESTABILITY = YES;
				GCC_C_LANGUAGE_STANDARD = gnu11;
				GCC_DYNAMIC_NO_PIC = NO;
				GCC_NO_COMMON_BLOCKS = YES;
				GCC_OPTIMIZATION_LEVEL = 0;
				GCC_PREPROCESSOR_DEFINITIONS = (
					"DEBUG=1",
					"$(inherited)",
				);
				GCC_WARN_64_TO_32_BIT_CONVERSION = YES;
				GCC_WARN_ABOUT_RETURN_TYPE = YES_ERROR;
				GCC_WARN_UNDECLARED_SELECTOR = YES;
				GCC_WARN_UNINITIALIZED_AUTOS = YES_AGGRESSIVE;
				GCC_WARN_UNUSED_FUNCTION = YES;
				GCC_WARN_UNUSED_VARIABLE = YES;
				IPHONEOS_DEPLOYMENT_TARGET = 14.5;
				MTL_ENABLE_DEBUG_INFO = INCLUDE_SOURCE;
				MTL_FAST_MATH = YES;
				ONLY_ACTIVE_ARCH = YES;
				SDKROOT = iphoneos;
				SWIFT_ACTIVE_COMPILATION_CONDITIONS = DEBUG;
				SWIFT_OPTIMIZATION_LEVEL = "-Onone";
			};
			name = Debug;
		};
		6C20249D26B1D8BC00621376 /* Release */ = {
			isa = XCBuildConfiguration;
			buildSettings = {
				ALWAYS_SEARCH_USER_PATHS = NO;
				CLANG_ANALYZER_NONNULL = YES;
				CLANG_ANALYZER_NUMBER_OBJECT_CONVERSION = YES_AGGRESSIVE;
				CLANG_CXX_LANGUAGE_STANDARD = "gnu++14";
				CLANG_CXX_LIBRARY = "libc++";
				CLANG_ENABLE_MODULES = YES;
				CLANG_ENABLE_OBJC_ARC = YES;
				CLANG_ENABLE_OBJC_WEAK = YES;
				CLANG_WARN_BLOCK_CAPTURE_AUTORELEASING = YES;
				CLANG_WARN_BOOL_CONVERSION = YES;
				CLANG_WARN_COMMA = YES;
				CLANG_WARN_CONSTANT_CONVERSION = YES;
				CLANG_WARN_DEPRECATED_OBJC_IMPLEMENTATIONS = YES;
				CLANG_WARN_DIRECT_OBJC_ISA_USAGE = YES_ERROR;
				CLANG_WARN_DOCUMENTATION_COMMENTS = YES;
				CLANG_WARN_EMPTY_BODY = YES;
				CLANG_WARN_ENUM_CONVERSION = YES;
				CLANG_WARN_INFINITE_RECURSION = YES;
				CLANG_WARN_INT_CONVERSION = YES;
				CLANG_WARN_NON_LITERAL_NULL_CONVERSION = YES;
				CLANG_WARN_OBJC_IMPLICIT_RETAIN_SELF = YES;
				CLANG_WARN_OBJC_LITERAL_CONVERSION = YES;
				CLANG_WARN_OBJC_ROOT_CLASS = YES_ERROR;
				CLANG_WARN_QUOTED_INCLUDE_IN_FRAMEWORK_HEADER = YES;
				CLANG_WARN_RANGE_LOOP_ANALYSIS = YES;
				CLANG_WARN_STRICT_PROTOTYPES = YES;
				CLANG_WARN_SUSPICIOUS_MOVE = YES;
				CLANG_WARN_UNGUARDED_AVAILABILITY = YES_AGGRESSIVE;
				CLANG_WARN_UNREACHABLE_CODE = YES;
				CLANG_WARN__DUPLICATE_METHOD_MATCH = YES;
				COPY_PHASE_STRIP = NO;
				DEBUG_INFORMATION_FORMAT = "dwarf-with-dsym";
				ENABLE_NS_ASSERTIONS = NO;
				ENABLE_STRICT_OBJC_MSGSEND = YES;
				GCC_C_LANGUAGE_STANDARD = gnu11;
				GCC_NO_COMMON_BLOCKS = YES;
				GCC_WARN_64_TO_32_BIT_CONVERSION = YES;
				GCC_WARN_ABOUT_RETURN_TYPE = YES_ERROR;
				GCC_WARN_UNDECLARED_SELECTOR = YES;
				GCC_WARN_UNINITIALIZED_AUTOS = YES_AGGRESSIVE;
				GCC_WARN_UNUSED_FUNCTION = YES;
				GCC_WARN_UNUSED_VARIABLE = YES;
				IPHONEOS_DEPLOYMENT_TARGET = 14.5;
				MTL_ENABLE_DEBUG_INFO = NO;
				MTL_FAST_MATH = YES;
				SDKROOT = iphoneos;
				SWIFT_COMPILATION_MODE = wholemodule;
				SWIFT_OPTIMIZATION_LEVEL = "-O";
				VALIDATE_PRODUCT = YES;
			};
			name = Release;
		};
		6C20249F26B1D8BC00621376 /* Debug */ = {
			isa = XCBuildConfiguration;
			buildSettings = {
				ASSETCATALOG_COMPILER_APPICON_NAME = AppIcon;
				ASSETCATALOG_COMPILER_GLOBAL_ACCENT_COLOR_NAME = AccentColor;
				CODE_SIGN_STYLE = Automatic;
				DEVELOPMENT_ASSET_PATHS = "\"SwiftUIChatApp/Preview Content\"";
				ENABLE_PREVIEWS = YES;
				INFOPLIST_FILE = SwiftUIChatApp/Info.plist;
				IPHONEOS_DEPLOYMENT_TARGET = 14.0;
				LD_RUNPATH_SEARCH_PATHS = (
					"$(inherited)",
					"@executable_path/Frameworks",
				);
				PRODUCT_BUNDLE_IDENTIFIER = com.shrikantamazumder.SwiftUIChatApp;
				PRODUCT_NAME = "$(TARGET_NAME)";
				SWIFT_VERSION = 5.0;
				TARGETED_DEVICE_FAMILY = "1,2";
			};
			name = Debug;
		};
		6C2024A026B1D8BC00621376 /* Release */ = {
			isa = XCBuildConfiguration;
			buildSettings = {
				ASSETCATALOG_COMPILER_APPICON_NAME = AppIcon;
				ASSETCATALOG_COMPILER_GLOBAL_ACCENT_COLOR_NAME = AccentColor;
				CODE_SIGN_STYLE = Automatic;
				DEVELOPMENT_ASSET_PATHS = "\"SwiftUIChatApp/Preview Content\"";
				ENABLE_PREVIEWS = YES;
				INFOPLIST_FILE = SwiftUIChatApp/Info.plist;
				IPHONEOS_DEPLOYMENT_TARGET = 14.0;
				LD_RUNPATH_SEARCH_PATHS = (
					"$(inherited)",
					"@executable_path/Frameworks",
				);
				PRODUCT_BUNDLE_IDENTIFIER = com.shrikantamazumder.SwiftUIChatApp;
				PRODUCT_NAME = "$(TARGET_NAME)";
				SWIFT_VERSION = 5.0;
				TARGETED_DEVICE_FAMILY = "1,2";
			};
			name = Release;
		};
/* End XCBuildConfiguration section */

/* Begin XCConfigurationList section */
		6C20248A26B1D8BA00621376 /* Build configuration list for PBXProject "SwiftUIChatApp" */ = {
			isa = XCConfigurationList;
			buildConfigurations = (
				6C20249C26B1D8BC00621376 /* Debug */,
				6C20249D26B1D8BC00621376 /* Release */,
			);
			defaultConfigurationIsVisible = 0;
			defaultConfigurationName = Release;
		};
		6C20249E26B1D8BC00621376 /* Build configuration list for PBXNativeTarget "SwiftUIChatApp" */ = {
			isa = XCConfigurationList;
			buildConfigurations = (
				6C20249F26B1D8BC00621376 /* Debug */,
				6C2024A026B1D8BC00621376 /* Release */,
			);
			defaultConfigurationIsVisible = 0;
			defaultConfigurationName = Release;
		};
/* End XCConfigurationList section */
	};
	rootObject = 6C20248726B1D8BA00621376 /* Project object */;
}
